{
  "name": "reproduce-ts5.2-transform-api-comment-bug",
  "version": "0.1.0",
  "lockfileVersion": 2,
  "requires": true,
  "packages": {
    "": {
      "name": "reproduce-ts5.2-transform-api-comment-bug",
      "version": "0.1.0",
      "license": "MIT",
      "devDependencies": {
        "typescript": "https://typescript.visualstudio.com/cf7ac146-d525-443c-b23c-0d58337efebc/_apis/build/builds/154373/artifacts?artifactName=tgz&fileId=E84F858A7DB193E4718B04B36E180E9732E1BF8E0B89865EB1560119CDC550DA02&fileName=/typescript-5.2.0-insiders.20230516.tgz"
      }
    },
    "node_modules/typescript": {
      "version": "5.2.0-insiders.20230516",
      "resolved": "https://typescript.visualstudio.com/cf7ac146-d525-443c-b23c-0d58337efebc/_apis/build/builds/154373/artifacts?artifactName=tgz&fileId=E84F858A7DB193E4718B04B36E180E9732E1BF8E0B89865EB1560119CDC550DA02&fileName=/typescript-5.2.0-insiders.20230516.tgz",
      "dev": true,
      "license": "Apache-2.0",
      "bin": {
        "tsc": "bin/tsc",
        "tsserver": "bin/tsserver"
      },
      "engines": {
        "node": ">=14.17"
      }
    }
  },
  "dependencies": {
    "typescript": {
      "version": "https://typescript.visualstudio.com/cf7ac146-d525-443c-b23c-0d58337efebc/_apis/build/builds/154373/artifacts?artifactName=tgz&fileId=E84F858A7DB193E4718B04B36E180E9732E1BF8E0B89865EB1560119CDC550DA02&fileName=/typescript-5.2.0-insiders.20230516.tgz",
      "dev": true
    }
  }
}
